
Microsoft Visual Studio Solution File, Format Version 9.00
# Visual Studio 2005
# SharpDevelop 2.2.1.2648
Project("{FAE04EC0-301F-11D3-BF4B-00C04F79EFBC}") = "basico", "basico.csproj", "{CFA8B813-74C1-45C5-9CFB-7CBAF49D6ADD}"
EndProject
Global
	GlobalSection(SolutionConfigurationPlatforms) = preSolution
		Debug|Any CPU = Debug|Any CPU
		Release|Any CPU = Release|Any CPU
	EndGlobalSection
	GlobalSection(ProjectConfigurationPlatforms) = postSolution
		{CFA8B813-74C1-45C5-9CFB-7CBAF49D6ADD}.Debug|Any CPU.Build.0 = Debug|Any CPU
		{CFA8B813-74C1-45C5-9CFB-7CBAF49D6ADD}.Debug|Any CPU.ActiveCfg = Debug|Any CPU
		{CFA8B813-74C1-45C5-9CFB-7CBAF49D6ADD}.Release|Any CPU.Build.0 = Release|Any CPU
		{CFA8B813-74C1-45C5-9CFB-7CBAF49D6ADD}.Release|Any CPU.ActiveCfg = Release|Any CPU
	EndGlobalSection
EndGlobal
